
Microsoft Visual Studio Solution File, Format Version 12.00
# Visual Studio Version 17
VisualStudioVersion = 17.8.34511.84
MinimumVisualStudioVersion = 10.0.40219.1
Project("{9A19103F-16F7-4668-BE54-9A1E7A4F7556}") = "FoodAllergen", "FoodAllergen.csproj", "{B7E1647A-CB79-4DBA-B76B-C6D4F23391EE}"
EndProject
Global
	GlobalSection(SolutionConfigurationPlatforms) = preSolution
		Debug|Any CPU = Debug|Any CPU
		Release|Any CPU = Release|Any CPU
	EndGlobalSection
	GlobalSection(ProjectConfigurationPlatforms) = postSolution
		{B7E1647A-CB79-4DBA-B76B-C6D4F23391EE}.Debug|Any CPU.ActiveCfg = Debug|Any CPU
		{B7E1647A-CB79-4DBA-B76B-C6D4F23391EE}.Debug|Any CPU.Build.0 = Debug|Any CPU
		{B7E1647A-CB79-4DBA-B76B-C6D4F23391EE}.Release|Any CPU.ActiveCfg = Release|Any CPU
		{B7E1647A-CB79-4DBA-B76B-C6D4F23391EE}.Release|Any CPU.Build.0 = Release|Any CPU
	EndGlobalSection
	GlobalSection(SolutionProperties) = preSolution
		HideSolutionNode = FALSE
	EndGlobalSection
	GlobalSection(ExtensibilityGlobals) = postSolution
		SolutionGuid = {4C9151A3-8664-4BA8-8AEC-F27440A2EA82}
	EndGlobalSection
EndGlobal
